
Microsoft Visual Studio Solution File, Format Version 12.00
# Visual Studio Version 16
VisualStudioVersion = 16.0.30611.23
MinimumVisualStudioVersion = 10.0.40219.1
Project("{FAE04EC0-301F-11D3-BF4B-00C04F79EFBC}") = "CrudRestApiDemo", "CrudRestApiDemo\CrudRestApiDemo.csproj", "{47EAC949-D223-40D5-A077-7DD32171C288}"
EndProject
Global
	GlobalSection(SolutionConfigurationPlatforms) = preSolution
		Debug|Any CPU = Debug|Any CPU
		Release|Any CPU = Release|Any CPU
	EndGlobalSection
	GlobalSection(ProjectConfigurationPlatforms) = postSolution
		{47EAC949-D223-40D5-A077-7DD32171C288}.Debug|Any CPU.ActiveCfg = Debug|Any CPU
		{47EAC949-D223-40D5-A077-7DD32171C288}.Debug|Any CPU.Build.0 = Debug|Any CPU
		{47EAC949-D223-40D5-A077-7DD32171C288}.Release|Any CPU.ActiveCfg = Release|Any CPU
		{47EAC949-D223-40D5-A077-7DD32171C288}.Release|Any CPU.Build.0 = Release|Any CPU
	EndGlobalSection
	GlobalSection(SolutionProperties) = preSolution
		HideSolutionNode = FALSE
	EndGlobalSection
	GlobalSection(ExtensibilityGlobals) = postSolution
		SolutionGuid = {0486293B-2B72-4F58-97A1-02DFB04B87B7}
	EndGlobalSection
EndGlobal
